
Microsoft Visual Studio Solution File, Format Version 12.00
# Visual Studio 2012
Project("{FAE04EC0-301F-11D3-BF4B-00C04F79EFBC}") = "Domain", "Domain\Domain.csproj", "{AFA32910-7160-4092-A031-5ADD8640955B}"
EndProject
Project("{FAE04EC0-301F-11D3-BF4B-00C04F79EFBC}") = "Tests A - UnitTests", "UnitTests\Tests A - UnitTests.csproj", "{7F7B1E68-03B6-4BFE-AA0D-CB16A2B6B4B4}"
EndProject
Project("{FAE04EC0-301F-11D3-BF4B-00C04F79EFBC}") = "Tests B - IntegrationTests", "IntegrationTests\Tests B - IntegrationTests.csproj", "{C6E87DFB-801D-4BE6-8F67-9B7589E46484}"
=======
Project("{FAE04EC0-301F-11D3-BF4B-00C04F79EFBC}") = "Domain", "ProjectEuler\Domain.csproj", "{8E4BDECF-EAB8-4038-A8EB-F6835A87D128}"
EndProject
Global
	GlobalSection(SolutionConfigurationPlatforms) = preSolution
		Debug|x86 = Debug|x86
		Release|x86 = Release|x86
	EndGlobalSection
	GlobalSection(ProjectConfigurationPlatforms) = postSolution
		{7F7B1E68-03B6-4BFE-AA0D-CB16A2B6B4B4}.Debug|x86.ActiveCfg = Debug|Any CPU
		{7F7B1E68-03B6-4BFE-AA0D-CB16A2B6B4B4}.Debug|x86.Build.0 = Debug|Any CPU
		{7F7B1E68-03B6-4BFE-AA0D-CB16A2B6B4B4}.Release|x86.ActiveCfg = Release|Any CPU
		{7F7B1E68-03B6-4BFE-AA0D-CB16A2B6B4B4}.Release|x86.Build.0 = Release|Any CPU
		{AFA32910-7160-4092-A031-5ADD8640955B}.Debug|x86.ActiveCfg = Debug|x86
		{AFA32910-7160-4092-A031-5ADD8640955B}.Debug|x86.Build.0 = Debug|x86
		{AFA32910-7160-4092-A031-5ADD8640955B}.Release|x86.ActiveCfg = Release|x86
		{AFA32910-7160-4092-A031-5ADD8640955B}.Release|x86.Build.0 = Release|x86
		{C6E87DFB-801D-4BE6-8F67-9B7589E46484}.Debug|x86.ActiveCfg = Debug|Any CPU
		{C6E87DFB-801D-4BE6-8F67-9B7589E46484}.Debug|x86.Build.0 = Debug|Any CPU
		{C6E87DFB-801D-4BE6-8F67-9B7589E46484}.Release|x86.ActiveCfg = Release|Any CPU
		{C6E87DFB-801D-4BE6-8F67-9B7589E46484}.Release|x86.Build.0 = Release|Any CPU
		<<<<<<< HEAD
		=======
		{8E4BDECF-EAB8-4038-A8EB-F6835A87D128}.Debug|x86.ActiveCfg = Debug|x86
		{8E4BDECF-EAB8-4038-A8EB-F6835A87D128}.Debug|x86.Build.0 = Debug|x86
		{8E4BDECF-EAB8-4038-A8EB-F6835A87D128}.Release|x86.ActiveCfg = Release|x86
		{8E4BDECF-EAB8-4038-A8EB-F6835A87D128}.Release|x86.Build.0 = Release|x86
		>>>>>>> f9839777e6e6fe8423bf98c9f55f005d738c9971
	EndGlobalSection
	GlobalSection(MonoDevelopProperties) = preSolution
		Policies = $0
		$0.TextStylePolicy = $1
		$1.inheritsSet = null
		$1.scope = text/x-csharp
		$0.CSharpFormattingPolicy = $2
		$2.AutoPropertyFormatting = ForceOneLine
		$2.PropertyGetBraceStyle = NextLine
		$2.PropertySetBraceStyle = NextLine
		$2.EventAddBraceStyle = NextLine
		$2.EventRemoveBraceStyle = NextLine
		$2.StatementBraceStyle = NextLine
		$2.BeforeMethodDeclarationParentheses = False
		$2.BeforeMethodCallParentheses = False
		$2.BeforeConstructorDeclarationParentheses = False
		$2.BeforeIndexerDeclarationBracket = False
		$2.BeforeDelegateDeclarationParentheses = False
		$2.AfterDelegateDeclarationParameterComma = True
		$2.NewParentheses = False
		$2.SpacesBeforeBrackets = False
		$2.inheritsSet = Mono
		$2.inheritsScope = text/x-csharp
		$2.scope = text/x-csharp
	EndGlobalSection
EndGlobal
